// !$*UTF8*$!
{
	archiveVersion = 1;
	classes = {
	};
	objectVersion = 50;
	objects = {

/* Begin PBXBuildFile section */
		120C57D321EE462B005B2068 /* AppDelegate.m in Sources */ = {isa = PBXBuildFile; fileRef = 120C57D221EE462B005B2068 /* AppDelegate.m */; };
		120C57D621EE462B005B2068 /* ViewController.m in Sources */ = {isa = PBXBuildFile; fileRef = 120C57D521EE462B005B2068 /* ViewController.m */; };
		120C57D921EE462B005B2068 /* Main.storyboard in Resources */ = {isa = PBXBuildFile; fileRef = 120C57D721EE462B005B2068 /* Main.storyboard */; };
		120C57DB21EE462D005B2068 /* Assets.xcassets in Resources */ = {isa = PBXBuildFile; fileRef = 120C57DA21EE462D005B2068 /* Assets.xcassets */; };
		120C57DE21EE462D005B2068 /* LaunchScreen.storyboard in Resources */ = {isa = PBXBuildFile; fileRef = 120C57DC21EE462D005B2068 /* LaunchScreen.storyboard */; };
		120C57E121EE462D005B2068 /* main.m in Sources */ = {isa = PBXBuildFile; fileRef = 120C57E021EE462D005B2068 /* main.m */; };
/* End PBXBuildFile section */

/* Begin PBXFileReference section */
		120C57CE21EE462B005B2068 /* W2D2-Views+AutoLayout.app */ = {isa = PBXFileReference; explicitFileType = wrapper.application; includeInIndex = 0; path = "W2D2-Views+AutoLayout.app"; sourceTree = BUILT_PRODUCTS_DIR; };
		120C57D121EE462B005B2068 /* AppDelegate.h */ = {isa = PBXFileReference; lastKnownFileType = sourcecode.c.h; path = AppDelegate.h; sourceTree = "<group>"; };
		120C57D221EE462B005B2068 /* AppDelegate.m */ = {isa = PBXFileReference; lastKnownFileType = sourcecode.c.objc; path = AppDelegate.m; sourceTree = "<group>"; };
		120C57D421EE462B005B2068 /* ViewController.h */ = {isa = PBXFileReference; lastKnownFileType = sourcecode.c.h; path = ViewController.h; sourceTree = "<group>"; };
		120C57D521EE462B005B2068 /* ViewController.m */ = {isa = PBXFileReference; lastKnownFileType = sourcecode.c.objc; path = ViewController.m; sourceTree = "<group>"; };
		120C57D821EE462B005B2068 /* Base */ = {isa = PBXFileReference; lastKnownFileType = file.storyboard; name = Base; path = Base.lproj/Main.storyboard; sourceTree = "<group>"; };
		120C57DA21EE462D005B2068 /* Assets.xcassets */ = {isa = PBXFileReference; lastKnownFileType = folder.assetcatalog; path = Assets.xcassets; sourceTree = "<group>"; };
		120C57DD21EE462D005B2068 /* Base */ = {isa = PBXFileReference; lastKnownFileType = file.storyboard; name = Base; path = Base.lproj/LaunchScreen.storyboard; sourceTree = "<group>"; };
		120C57DF21EE462D005B2068 /* Info.plist */ = {isa = PBXFileReference; lastKnownFileType = text.plist.xml; path = Info.plist; sourceTree = "<group>"; };
		120C57E021EE462D005B2068 /* main.m */ = {isa = PBXFileReference; lastKnownFileType = sourcecode.c.objc; path = main.m; sourceTree = "<group>"; };
/* End PBXFileReference section */

/* Begin PBXFrameworksBuildPhase section */
		120C57CB21EE462B005B2068 /* Frameworks */ = {
			isa = PBXFrameworksBuildPhase;
			buildActionMask = 2147483647;
			files = (
			);
			runOnlyForDeploymentPostprocessing = 0;
		};
/* End PBXFrameworksBuildPhase section */

/* Begin PBXGroup section */
		120C57C521EE462B005B2068 = {
			isa = PBXGroup;
			children = (
				120C57D021EE462B005B2068 /* W2D2-Views+AutoLayout */,
				120C57CF21EE462B005B2068 /* Products */,
			);
			sourceTree = "<group>";
		};
		120C57CF21EE462B005B2068 /* Products */ = {
			isa = PBXGroup;
			children = (
				120C57CE21EE462B005B2068 /* W2D2-Views+AutoLayout.app */,
			);
			name = Products;
			sourceTree = "<group>";
		};
		120C57D021EE462B005B2068 /* W2D2-Views+AutoLayout */ = {
			isa = PBXGroup;
			children = (
				120C57D121EE462B005B2068 /* AppDelegate.h */,
				120C57D221EE462B005B2068 /* AppDelegate.m */,
				120C57D421EE462B005B2068 /* ViewController.h */,
				120C57D521EE462B005B2068 /* ViewController.m */,
				120C57D721EE462B005B2068 /* Main.storyboard */,
				120C57DA21EE462D005B2068 /* Assets.xcassets */,
				120C57DC21EE462D005B2068 /* LaunchScreen.storyboard */,
				120C57DF21EE462D005B2068 /* Info.plist */,
				120C57E021EE462D005B2068 /* main.m */,
			);
			path = "W2D2-Views+AutoLayout";
			sourceTree = "<group>";
		};
/* End PBXGroup section */

/* Begin PBXNativeTarget section */
		120C57CD21EE462B005B2068 /* W2D2-Views+AutoLayout */ = {
			isa = PBXNativeTarget;
			buildConfigurationList = 120C57E421EE462D005B2068 /* Build configuration list for PBXNativeTarget "W2D2-Views+AutoLayout" */;
			buildPhases = (
				120C57CA21EE462B005B2068 /* Sources */,
				120C57CB21EE462B005B2068 /* Frameworks */,
				120C57CC21EE462B005B2068 /* Resources */,
			);
			buildRules = (
			);
			dependencies = (
			);
			name = "W2D2-Views+AutoLayout";
			productName = "W2D2-Views+AutoLayout";
			productReference = 120C57CE21EE462B005B2068 /* W2D2-Views+AutoLayout.app */;
			productType = "com.apple.product-type.application";
		};
/* End PBXNativeTarget section */

/* Begin PBXProject section */
		120C57C621EE462B005B2068 /* Project object */ = {
			isa = PBXProject;
			attributes = {
				LastUpgradeCheck = 1010;
				ORGANIZATIONNAME = "Daniel Mathews";
				TargetAttributes = {
					120C57CD21EE462B005B2068 = {
						CreatedOnToolsVersion = 10.1;
					};
				};
			};
			buildConfigurationList = 120C57C921EE462B005B2068 /* Build configuration list for PBXProject "W2D2-Views+AutoLayout" */;
			compatibilityVersion = "Xcode 9.3";
			developmentRegion = en;
			hasScannedForEncodings = 0;
			knownRegions = (
				en,
				Base,
			);
			mainGroup = 120C57C521EE462B005B2068;
			productRefGroup = 120C57CF21EE462B005B2068 /* Products */;
			projectDirPath = "";
			projectRoot = "";
			targets = (
				120C57CD21EE462B005B2068 /* W2D2-Views+AutoLayout */,
			);
		};
/* End PBXProject section */

/* Begin PBXResourcesBuildPhase section */
		120C57CC21EE462B005B2068 /* Resources */ = {
			isa = PBXResourcesBuildPhase;
			buildActionMask = 2147483647;
			files = (
				120C57DE21EE462D005B2068 /* LaunchScreen.storyboard in Resources */,
				120C57DB21EE462D005B2068 /* Assets.xcassets in Resources */,
				120C57D921EE462B005B2068 /* Main.storyboard in Resources */,
			);
			runOnlyForDeploymentPostprocessing = 0;
		};
/* End PBXResourcesBuildPhase section */

/* Begin PBXSourcesBuildPhase section */
		120C57CA21EE462B005B2068 /* Sources */ = {
			isa = PBXSourcesBuildPhase;
			buildActionMask = 2147483647;
			files = (
				120C57D621EE462B005B2068 /* ViewController.m in Sources */,
				120C57E121EE462D005B2068 /* main.m in Sources */,
				120C57D321EE462B005B2068 /* AppDelegate.m in Sources */,
			);
			runOnlyForDeploymentPostprocessing = 0;
		};
/* End PBXSourcesBuildPhase section */

/* Begin PBXVariantGroup section */
		120C57D721EE462B005B2068 /* Main.storyboard */ = {
			isa = PBXVariantGroup;
			children = (
				120C57D821EE462B005B2068 /* Base */,
			);
			name = Main.storyboard;
			sourceTree = "<group>";
		};
		120C57DC21EE462D005B2068 /* LaunchScreen.storyboard */ = {
			isa = PBXVariantGroup;
			children = (
				120C57DD21EE462D005B2068 /* Base */,
			);
			name = LaunchScreen.storyboard;
			sourceTree = "<group>";
		};
/* End PBXVariantGroup section */

/* Begin XCBuildConfiguration section */
		120C57E221EE462D005B2068 /* Debug */ = {
			isa = XCBuildConfiguration;
			buildSettings = {
				ALWAYS_SEARCH_USER_PATHS = NO;
				CLANG_ANALYZER_NONNULL = YES;
				CLANG_ANALYZER_NUMBER_OBJECT_CONVERSION = YES_AGGRESSIVE;
				CLANG_CXX_LANGUAGE_STANDARD = "gnu++14";
				CLANG_CXX_LIBRARY = "libc++";
				CLANG_ENABLE_MODULES = YES;
				CLANG_ENABLE_OBJC_ARC = YES;
				CLANG_ENABLE_OBJC_WEAK = YES;
				CLANG_WARN_BLOCK_CAPTURE_AUTORELEASING = YES;
				CLANG_WARN_BOOL_CONVERSION = YES;
				CLANG_WARN_COMMA = YES;
				CLANG_WARN_CONSTANT_CONVERSION = YES;
				CLANG_WARN_DEPRECATED_OBJC_IMPLEMENTATIONS = YES;
				CLANG_WARN_DIRECT_OBJC_ISA_USAGE = YES_ERROR;
				CLANG_WARN_DOCUMENTATION_COMMENTS = YES;
				CLANG_WARN_EMPTY_BODY = YES;
				CLANG_WARN_ENUM_CONVERSION = YES;
				CLANG_WARN_INFINITE_RECURSION = YES;
				CLANG_WARN_INT_CONVERSION = YES;
				CLANG_WARN_NON_LITERAL_NULL_CONVERSION = YES;
				CLANG_WARN_OBJC_IMPLICIT_RETAIN_SELF = YES;
				CLANG_WARN_OBJC_LITERAL_CONVERSION = YES;
				CLANG_WARN_OBJC_ROOT_CLASS = YES_ERROR;
				CLANG_WARN_RANGE_LOOP_ANALYSIS = YES;
				CLANG_WARN_STRICT_PROTOTYPES = YES;
				CLANG_WARN_SUSPICIOUS_MOVE = YES;
				CLANG_WARN_UNGUARDED_AVAILABILITY = YES_AGGRESSIVE;
				CLANG_WARN_UNREACHABLE_CODE = YES;
				CLANG_WARN__DUPLICATE_METHOD_MATCH = YES;
				CODE_SIGN_IDENTITY = "iPhone Developer";
				COPY_PHASE_STRIP = NO;
				DEBUG_INFORMATION_FORMAT = dwarf;
				ENABLE_STRICT_OBJC_MSGSEND = YES;
				ENABLE_TESTABILITY = YES;
				GCC_C_LANGUAGE_STANDARD = gnu11;
				GCC_DYNAMIC_NO_PIC = NO;
				GCC_NO_COMMON_BLOCKS = YES;
				GCC_OPTIMIZATION_LEVEL = 0;
				GCC_PREPROCESSOR_DEFINITIONS = (
					"DEBUG=1",
					"$(inherited)",
				);
				GCC_WARN_64_TO_32_BIT_CONVERSION = YES;
				GCC_WARN_ABOUT_RETURN_TYPE = YES_ERROR;
				GCC_WARN_UNDECLARED_SELECTOR = YES;
				GCC_WARN_UNINITIALIZED_AUTOS = YES_AGGRESSIVE;
				GCC_WARN_UNUSED_FUNCTION = YES;
				GCC_WARN_UNUSED_VARIABLE = YES;
				IPHONEOS_DEPLOYMENT_TARGET = 12.1;
				MTL_ENABLE_DEBUG_INFO = INCLUDE_SOURCE;
				MTL_FAST_MATH = YES;
				ONLY_ACTIVE_ARCH = YES;
				SDKROOT = iphoneos;
			};
			name = Debug;
		};
		120C57E321EE462D005B2068 /* Release */ = {
			isa = XCBuildConfiguration;
			buildSettings = {
				ALWAYS_SEARCH_USER_PATHS = NO;
				CLANG_ANALYZER_NONNULL = YES;
				CLANG_ANALYZER_NUMBER_OBJECT_CONVERSION = YES_AGGRESSIVE;
				CLANG_CXX_LANGUAGE_STANDARD = "gnu++14";
				CLANG_CXX_LIBRARY = "libc++";
				CLANG_ENABLE_MODULES = YES;
				CLANG_ENABLE_OBJC_ARC = YES;
				CLANG_ENABLE_OBJC_WEAK = YES;
				CLANG_WARN_BLOCK_CAPTURE_AUTORELEASING = YES;
				CLANG_WARN_BOOL_CONVERSION = YES;
				CLANG_WARN_COMMA = YES;
				CLANG_WARN_CONSTANT_CONVERSION = YES;
				CLANG_WARN_DEPRECATED_OBJC_IMPLEMENTATIONS = YES;
				CLANG_WARN_DIRECT_OBJC_ISA_USAGE = YES_ERROR;
				CLANG_WARN_DOCUMENTATION_COMMENTS = YES;
				CLANG_WARN_EMPTY_BODY = YES;
				CLANG_WARN_ENUM_CONVERSION = YES;
				CLANG_WARN_INFINITE_RECURSION = YES;
				CLANG_WARN_INT_CONVERSION = YES;
				CLANG_WARN_NON_LITERAL_NULL_CONVERSION = YES;
				CLANG_WARN_OBJC_IMPLICIT_RETAIN_SELF = YES;
				CLANG_WARN_OBJC_LITERAL_CONVERSION = YES;
				CLANG_WARN_OBJC_ROOT_CLASS = YES_ERROR;
				CLANG_WARN_RANGE_LOOP_ANALYSIS = YES;
				CLANG_WARN_STRICT_PROTOTYPES = YES;
				CLANG_WARN_SUSPICIOUS_MOVE = YES;
				CLANG_WARN_UNGUARDED_AVAILABILITY = YES_AGGRESSIVE;
				CLANG_WARN_UNREACHABLE_CODE = YES;
				CLANG_WARN__DUPLICATE_METHOD_MATCH = YES;
				CODE_SIGN_IDENTITY = "iPhone Developer";
				COPY_PHASE_STRIP = NO;
				DEBUG_INFORMATION_FORMAT = "dwarf-with-dsym";
				ENABLE_NS_ASSERTIONS = NO;
				ENABLE_STRICT_OBJC_MSGSEND = YES;
				GCC_C_LANGUAGE_STANDARD = gnu11;
				GCC_NO_COMMON_BLOCKS = YES;
				GCC_WARN_64_TO_32_BIT_CONVERSION = YES;
				GCC_WARN_ABOUT_RETURN_TYPE = YES_ERROR;
				GCC_WARN_UNDECLARED_SELECTOR = YES;
				GCC_WARN_UNINITIALIZED_AUTOS = YES_AGGRESSIVE;
				GCC_WARN_UNUSED_FUNCTION = YES;
				GCC_WARN_UNUSED_VARIABLE = YES;
				IPHONEOS_DEPLOYMENT_TARGET = 12.1;
				MTL_ENABLE_DEBUG_INFO = NO;
				MTL_FAST_MATH = YES;
				SDKROOT = iphoneos;
				VALIDATE_PRODUCT = YES;
			};
			name = Release;
		};
		120C57E521EE462D005B2068 /* Debug */ = {
			isa = XCBuildConfiguration;
			buildSettings = {
				ASSETCATALOG_COMPILER_APPICON_NAME = AppIcon;
				CODE_SIGN_STYLE = Automatic;
				DEVELOPMENT_TEAM = 2VGL7CT34X;
				INFOPLIST_FILE = "W2D2-Views+AutoLayout/Info.plist";
				LD_RUNPATH_SEARCH_PATHS = (
					"$(inherited)",
					"@executable_path/Frameworks",
				);
				PRODUCT_BUNDLE_IDENTIFIER = "com.toysinboxes.W2D2-Views-AutoLayout";
				PRODUCT_NAME = "$(TARGET_NAME)";
				TARGETED_DEVICE_FAMILY = "1,2";
			};
			name = Debug;
		};
		120C57E621EE462D005B2068 /* Release */ = {
			isa = XCBuildConfiguration;
			buildSettings = {
				ASSETCATALOG_COMPILER_APPICON_NAME = AppIcon;
				CODE_SIGN_STYLE = Automatic;
				DEVELOPMENT_TEAM = 2VGL7CT34X;
				INFOPLIST_FILE = "W2D2-Views+AutoLayout/Info.plist";
				LD_RUNPATH_SEARCH_PATHS = (
					"$(inherited)",
					"@executable_path/Frameworks",
				);
				PRODUCT_BUNDLE_IDENTIFIER = "com.toysinboxes.W2D2-Views-AutoLayout";
				PRODUCT_NAME = "$(TARGET_NAME)";
				TARGETED_DEVICE_FAMILY = "1,2";
			};
			name = Release;
		};
/* End XCBuildConfiguration section */

/* Begin XCConfigurationList section */
		120C57C921EE462B005B2068 /* Build configuration list for PBXProject "W2D2-Views+AutoLayout" */ = {
			isa = XCConfigurationList;
			buildConfigurations = (
				120C57E221EE462D005B2068 /* Debug */,
				120C57E321EE462D005B2068 /* Release */,
			);
			defaultConfigurationIsVisible = 0;
			defaultConfigurationName = Release;
		};
		120C57E421EE462D005B2068 /* Build configuration list for PBXNativeTarget "W2D2-Views+AutoLayout" */ = {
			isa = XCConfigurationList;
			buildConfigurations = (
				120C57E521EE462D005B2068 /* Debug */,
				120C57E621EE462D005B2068 /* Release */,
			);
			defaultConfigurationIsVisible = 0;
			defaultConfigurationName = Release;
		};
/* End XCConfigurationList section */
	};
	rootObject = 120C57C621EE462B005B2068 /* Project object */;
}
